
Microsoft Visual Studio Solution File, Format Version 12.00
# Visual Studio Version 17
VisualStudioVersion = 17.0.32014.148
MinimumVisualStudioVersion = 10.0.40219.1
Project("{2150E333-8FDC-42A3-9474-1A3956D46DE8}") = "01. Clients", "01. Clients", "{45B76152-4A31-45B7-AA86-9AD246AD0E21}"
EndProject
Project("{2150E333-8FDC-42A3-9474-1A3956D46DE8}") = "02. Api.Gateways", "02. Api.Gateways", "{4361C0B9-99BB-4352-94F1-95BE23996372}"
EndProject
Project("{2150E333-8FDC-42A3-9474-1A3956D46DE8}") = "03. Services", "03. Services", "{E45A74E4-1942-4389-B7D2-80849AC19DD7}"
EndProject
Project("{2150E333-8FDC-42A3-9474-1A3956D46DE8}") = "01.Identity", "01.Identity", "{1F22BE15-D581-46D1-8324-92A60825E0B8}"
EndProject
Project("{2150E333-8FDC-42A3-9474-1A3956D46DE8}") = "02.Catalog", "02.Catalog", "{D088D510-AC5F-4486-8405-8F8647A81026}"
EndProject
Project("{2150E333-8FDC-42A3-9474-1A3956D46DE8}") = "03.Customer", "03.Customer", "{F75541E7-8A61-4052-BA34-936809A8ECDE}"
EndProject
Project("{2150E333-8FDC-42A3-9474-1A3956D46DE8}") = "04.Order", "04.Order", "{51FE5D23-0ABF-4180-BE59-07B134A50801}"
EndProject
Project("{9A19103F-16F7-4668-BE54-9A1E7A4F7556}") = "Catalog.Api", "src\Services\Catalog\Catalog.Api\Catalog.Api.csproj", "{1DA300F1-84A7-43CC-8B1A-132127984FE2}"
EndProject
Project("{2150E333-8FDC-42A3-9474-1A3956D46DE8}") = "01. API", "01. API", "{44ED1C2A-FDBC-4A6A-82DC-74279AD5A8B7}"
EndProject
Project("{2150E333-8FDC-42A3-9474-1A3956D46DE8}") = "02. Services", "02. Services", "{C7101A75-5AD8-44AD-A9A4-CA220EB85E17}"
EndProject
Project("{2150E333-8FDC-42A3-9474-1A3956D46DE8}") = "03.Persistence", "03.Persistence", "{05FEA7C3-AA4A-4884-A09A-EAA3D5826D32}"
EndProject
Project("{2150E333-8FDC-42A3-9474-1A3956D46DE8}") = "04. Models", "04. Models", "{A9456B82-D438-4A60-B8F0-B45983AB5D01}"
EndProject
Project("{9A19103F-16F7-4668-BE54-9A1E7A4F7556}") = "Catalog.Persistence.Database", "src\Services\Catalog\Catalog.Persistence.Database\Catalog.Persistence.Database.csproj", "{D64A9940-1E41-4837-A799-2341B5B346BC}"
EndProject
Project("{9A19103F-16F7-4668-BE54-9A1E7A4F7556}") = "Catalog.Domain", "src\Services\Catalog\Catalog.Domain\Catalog.Domain.csproj", "{656B06D7-FC24-4B13-90D1-496DF846B010}"
EndProject
Global
	GlobalSection(SolutionConfigurationPlatforms) = preSolution
		Debug|Any CPU = Debug|Any CPU
		Release|Any CPU = Release|Any CPU
	EndGlobalSection
	GlobalSection(ProjectConfigurationPlatforms) = postSolution
		{1DA300F1-84A7-43CC-8B1A-132127984FE2}.Debug|Any CPU.ActiveCfg = Debug|Any CPU
		{1DA300F1-84A7-43CC-8B1A-132127984FE2}.Debug|Any CPU.Build.0 = Debug|Any CPU
		{1DA300F1-84A7-43CC-8B1A-132127984FE2}.Release|Any CPU.ActiveCfg = Release|Any CPU
		{1DA300F1-84A7-43CC-8B1A-132127984FE2}.Release|Any CPU.Build.0 = Release|Any CPU
		{D64A9940-1E41-4837-A799-2341B5B346BC}.Debug|Any CPU.ActiveCfg = Debug|Any CPU
		{D64A9940-1E41-4837-A799-2341B5B346BC}.Debug|Any CPU.Build.0 = Debug|Any CPU
		{D64A9940-1E41-4837-A799-2341B5B346BC}.Release|Any CPU.ActiveCfg = Release|Any CPU
		{D64A9940-1E41-4837-A799-2341B5B346BC}.Release|Any CPU.Build.0 = Release|Any CPU
		{656B06D7-FC24-4B13-90D1-496DF846B010}.Debug|Any CPU.ActiveCfg = Debug|Any CPU
		{656B06D7-FC24-4B13-90D1-496DF846B010}.Debug|Any CPU.Build.0 = Debug|Any CPU
		{656B06D7-FC24-4B13-90D1-496DF846B010}.Release|Any CPU.ActiveCfg = Release|Any CPU
		{656B06D7-FC24-4B13-90D1-496DF846B010}.Release|Any CPU.Build.0 = Release|Any CPU
	EndGlobalSection
	GlobalSection(SolutionProperties) = preSolution
		HideSolutionNode = FALSE
	EndGlobalSection
	GlobalSection(NestedProjects) = preSolution
		{1F22BE15-D581-46D1-8324-92A60825E0B8} = {E45A74E4-1942-4389-B7D2-80849AC19DD7}
		{D088D510-AC5F-4486-8405-8F8647A81026} = {E45A74E4-1942-4389-B7D2-80849AC19DD7}
		{F75541E7-8A61-4052-BA34-936809A8ECDE} = {E45A74E4-1942-4389-B7D2-80849AC19DD7}
		{51FE5D23-0ABF-4180-BE59-07B134A50801} = {E45A74E4-1942-4389-B7D2-80849AC19DD7}
		{1DA300F1-84A7-43CC-8B1A-132127984FE2} = {44ED1C2A-FDBC-4A6A-82DC-74279AD5A8B7}
		{44ED1C2A-FDBC-4A6A-82DC-74279AD5A8B7} = {D088D510-AC5F-4486-8405-8F8647A81026}
		{C7101A75-5AD8-44AD-A9A4-CA220EB85E17} = {D088D510-AC5F-4486-8405-8F8647A81026}
		{05FEA7C3-AA4A-4884-A09A-EAA3D5826D32} = {D088D510-AC5F-4486-8405-8F8647A81026}
		{A9456B82-D438-4A60-B8F0-B45983AB5D01} = {D088D510-AC5F-4486-8405-8F8647A81026}
		{D64A9940-1E41-4837-A799-2341B5B346BC} = {05FEA7C3-AA4A-4884-A09A-EAA3D5826D32}
		{656B06D7-FC24-4B13-90D1-496DF846B010} = {A9456B82-D438-4A60-B8F0-B45983AB5D01}
	EndGlobalSection
	GlobalSection(ExtensibilityGlobals) = postSolution
		SolutionGuid = {646175F2-0433-4C6E-AC1B-0B9BAB7083D6}
	EndGlobalSection
EndGlobal
